
Microsoft Visual Studio Solution File, Format Version 12.00
# Visual Studio Version 17
VisualStudioVersion = 17.3.32929.385
MinimumVisualStudioVersion = 10.0.40219.1
Project("{FAE04EC0-301F-11D3-BF4B-00C04F79EFBC}") = "FPC-Lec23Jan", "FPC-Lec23Jan.csproj", "{B2A2EAF2-4D0F-4FF5-8BCE-F5D29593FBDA}"
EndProject
Global
	GlobalSection(SolutionConfigurationPlatforms) = preSolution
		Debug|Any CPU = Debug|Any CPU
		Release|Any CPU = Release|Any CPU
	EndGlobalSection
	GlobalSection(ProjectConfigurationPlatforms) = postSolution
		{B2A2EAF2-4D0F-4FF5-8BCE-F5D29593FBDA}.Debug|Any CPU.ActiveCfg = Debug|Any CPU
		{B2A2EAF2-4D0F-4FF5-8BCE-F5D29593FBDA}.Debug|Any CPU.Build.0 = Debug|Any CPU
		{B2A2EAF2-4D0F-4FF5-8BCE-F5D29593FBDA}.Release|Any CPU.ActiveCfg = Release|Any CPU
		{B2A2EAF2-4D0F-4FF5-8BCE-F5D29593FBDA}.Release|Any CPU.Build.0 = Release|Any CPU
	EndGlobalSection
	GlobalSection(SolutionProperties) = preSolution
		HideSolutionNode = FALSE
	EndGlobalSection
	GlobalSection(ExtensibilityGlobals) = postSolution
		SolutionGuid = {98B72244-20AF-4E77-901A-CBA05E0B55DF}
	EndGlobalSection
EndGlobal
